PODS:
  - LocalNotificationCenter (0.3.0)

DEPENDENCIES:
  - LocalNotificationCenter (from `../`)

EXTERNAL SOURCES:
  LocalNotificationCenter:
    :path: "../"

SPEC CHECKSUMS:
  LocalNotificationCenter: df84a241a0f65d6937dbc1f09e096f8443645d3d

PODFILE CHECKSUM: 7afc3f4ce92446aef60d99b67063d07c0c82fa19

COCOAPODS: 1.6.0
