PODS:
  - LocalNotificationCenter (0.2.0)

DEPENDENCIES:
  - LocalNotificationCenter (from `../`)

EXTERNAL SOURCES:
  LocalNotificationCenter:
    :path: "../"

SPEC CHECKSUMS:
  LocalNotificationCenter: d9585c5e9696e3ad1a9c08a55abd4f394f55a8b0

PODFILE CHECKSUM: 7afc3f4ce92446aef60d99b67063d07c0c82fa19

COCOAPODS: 1.5.3
